{
  "version": 4,
  "terraform_version": "1.0.7",
  "serial": 49,
  "lineage": "aa36cf92-cba4-5cd5-0cc5-7d8b65821765",
  "outputs": {
    "all": {
      "value": {
        "cpu": 1,
        "firewall": false,
        "host": null,
        "hostname": "terraform.example.tld",
        "id": "000eec8d-ef15-421a-a72c-216b38255aae",
        "login": [
          {
            "create_password": false,
            "keys": [
              "ssh-rsa AAAAB3NzaC1yc2EAAAADAQABAAACAQCuUG6Aydl+wyu3GZnRYWU9P6v//a1R2KN3PKqrRKfApJ7oa1fnT83c15RMP7ZNGxKYgR/J7F5Z4uo/lr9nXZ/0SeTFHxNK1Vfn6QSN2UlYF4VKCu9akEnnQyMRCT+WrlgKBY1L7kOAv5ZxLgnghUfzDgd1jMHlBb9dXqHezNRp8/tLPfEyn/jZ0ByVGafL9/S0mCToBqQc4tmeligVjJLFogG1LQ4667D+UgtnWTiyuOsmhKDfXGqQXjVCtoONRMAcQYiQZZRWr4CoZ84OZLapIJP56PCwoEVaP2zbx1L6hwR7NOMTdZH1/YzSNzBNSpg5SZ65z9I8nD7J1y0dujjqBzR/iYWlmNLTV1ezssrFL7W9vWCyKlyg0CvwJ34SFP73m3zzy3PsNtAVGBTni8EJDDwiJniSFj7Qehne+5zwiqWPIBOwdyOnKLqMJ6u369NPsqQtTcBBQPZlAFmQjkKyQYINZuEuzTsh/eQxKZNoFriFye58N7j98gQDnrgpLMGcjnxDEDQvmyaiQYXTxAlSuv9pSAVqHlhO7qmPeK2Lmzbpt8mIrtmXqcbs4Szkjwi2siqq1HHyZPRmQqaZXomc4v3K0lqoAGuJ6oYhBjpCZEos8ZZrUv9OMurQqUgRjNYq6LfTLTBs37sdc+RAZwYUEZ/kNm0NRa0wxHoJ2WqGNw== jlarfors@verifa.io"
            ],
            "password_delivery": "none",
            "user": "root"
          }
        ],
        "mem": 1024,
        "metadata": true,
        "network_interface": [
          {
            "bootable": false,
            "ip_address": "94.237.113.217",
            "ip_address_family": "IPv4",
            "ip_address_floating": false,
            "mac_address": "5e:9f:e9:d3:69:e9",
            "network": "035c9d71-ac3b-40dd-916f-cf993c408368",
            "source_ip_filtering": true,
            "type": "public"
          }
        ],
        "plan": "1xCPU-1GB",
        "storage_devices": [],
        "tags": [],
        "template": [
          {
            "address": "virtio",
            "backup_rule": [],
            "id": "013ed66b-3b6d-4874-8d20-b76499024986",
            "size": 25,
            "storage": "01000000-0000-4000-8000-000020060100",
            "tier": "maxiops",
            "title": "terraform-terraform.example.tld-disk"
          }
        ],
        "title": "terraform.example.tld (managed by terraform)",
        "user_data": "#cloud-config\nusers:\n  - name: demo\n    ssh-authorized-keys:\n      - ssh-rsa AAAAB3NzaC1yc2EAAAADAQABAAACAQCuUG6Aydl+wyu3GZnRYWU9P6v//a1R2KN3PKqrRKfApJ7oa1fnT83c15RMP7ZNGxKYgR/J7F5Z4uo/lr9nXZ/0SeTFHxNK1Vfn6QSN2UlYF4VKCu9akEnnQyMRCT+WrlgKBY1L7kOAv5ZxLgnghUfzDgd1jMHlBb9dXqHezNRp8/tLPfEyn/jZ0ByVGafL9/S0mCToBqQc4tmeligVjJLFogG1LQ4667D+UgtnWTiyuOsmhKDfXGqQXjVCtoONRMAcQYiQZZRWr4CoZ84OZLapIJP56PCwoEVaP2zbx1L6hwR7NOMTdZH1/YzSNzBNSpg5SZ65z9I8nD7J1y0dujjqBzR/iYWlmNLTV1ezssrFL7W9vWCyKlyg0CvwJ34SFP73m3zzy3PsNtAVGBTni8EJDDwiJniSFj7Qehne+5zwiqWPIBOwdyOnKLqMJ6u369NPsqQtTcBBQPZlAFmQjkKyQYINZuEuzTsh/eQxKZNoFriFye58N7j98gQDnrgpLMGcjnxDEDQvmyaiQYXTxAlSuv9pSAVqHlhO7qmPeK2Lmzbpt8mIrtmXqcbs4Szkjwi2siqq1HHyZPRmQqaZXomc4v3K0lqoAGuJ6oYhBjpCZEos8ZZrUv9OMurQqUgRjNYq6LfTLTBs37sdc+RAZwYUEZ/kNm0NRa0wxHoJ2WqGNw== jlarfors@verifa.io\n",
        "zone": "fi-hel1"
      },
      "type": [
        "object",
        {
          "cpu": "number",
          "firewall": "bool",
          "host": "number",
          "hostname": "string",
          "id": "string",
          "login": [
            "set",
            [
              "object",
              {
                "create_password": "bool",
                "keys": [
                  "list",
                  "string"
                ],
                "password_delivery": "string",
                "user": "string"
              }
            ]
          ],
          "mem": "number",
          "metadata": "bool",
          "network_interface": [
            "list",
            [
              "object",
              {
                "bootable": "bool",
                "ip_address": "string",
                "ip_address_family": "string",
                "ip_address_floating": "bool",
                "mac_address": "string",
                "network": "string",
                "source_ip_filtering": "bool",
                "type": "string"
              }
            ]
          ],
          "plan": "string",
          "storage_devices": [
            "set",
            [
              "object",
              {
                "address": "string",
                "storage": "string",
                "type": "string"
              }
            ]
          ],
          "tags": [
            "list",
            "string"
          ],
          "template": [
            "list",
            [
              "object",
              {
                "address": "string",
                "backup_rule": [
                  "list",
                  [
                    "object",
                    {
                      "interval": "string",
                      "retention": "number",
                      "time": "string"
                    }
                  ]
                ],
                "id": "string",
                "size": "number",
                "storage": "string",
                "tier": "string",
                "title": "string"
              }
            ]
          ],
          "title": "string",
          "user_data": "string",
          "zone": "string"
        }
      ]
    }
  },
  "resources": [
    {
      "mode": "managed",
      "type": "upcloud_network",
      "name": "private_network",
      "provider": "provider[\"registry.terraform.io/upcloudltd/upcloud\"]",
      "instances": [
        {
          "schema_version": 0,
          "attributes": {
            "id": "03967971-c989-42b2-915f-13d838ac79a2",
            "ip_network": [
              {
                "address": "10.0.0.0/24",
                "dhcp": true,
                "dhcp_default_route": false,
                "dhcp_dns": [],
                "family": "IPv4",
                "gateway": "10.0.0.1"
              }
            ],
            "name": "example_private_net",
            "router": null,
            "servers": [],
            "type": "private",
            "zone": "fi-hel1"
          },
          "sensitive_attributes": [],
          "private": "bnVsbA=="
        }
      ]
    }
  ]
}
